
Microsoft Visual Studio Solution File, Format Version 12.00
# Visual Studio Version 17
VisualStudioVersion = 17.11.35312.102
MinimumVisualStudioVersion = 10.0.40219.1
Project("{FAE04EC0-301F-11D3-BF4B-00C04F79EFBC}") = "ContactManagementAPI", "ContactManagementAPI.csproj", "{5F31CBA7-8905-415A-9BEB-A76F211DE9BD}"
EndProject
Global
	GlobalSection(SolutionConfigurationPlatforms) = preSolution
		Debug|Any CPU = Debug|Any CPU
		Release|Any CPU = Release|Any CPU
	EndGlobalSection
	GlobalSection(ProjectConfigurationPlatforms) = postSolution
		{5F31CBA7-8905-415A-9BEB-A76F211DE9BD}.Debug|Any CPU.ActiveCfg = Debug|Any CPU
		{5F31CBA7-8905-415A-9BEB-A76F211DE9BD}.Debug|Any CPU.Build.0 = Debug|Any CPU
		{5F31CBA7-8905-415A-9BEB-A76F211DE9BD}.Release|Any CPU.ActiveCfg = Release|Any CPU
		{5F31CBA7-8905-415A-9BEB-A76F211DE9BD}.Release|Any CPU.Build.0 = Release|Any CPU
	EndGlobalSection
	GlobalSection(SolutionProperties) = preSolution
		HideSolutionNode = FALSE
	EndGlobalSection
	GlobalSection(ExtensibilityGlobals) = postSolution
		SolutionGuid = {3AE06920-BB10-4CD0-9691-E4BB95B786E7}
	EndGlobalSection
EndGlobal
